// !$*UTF8*$!
{
	archiveVersion = 1;
	classes = {
	};
	objectVersion = 50;
	objects = {

/* Begin PBXBuildFile section */
		F24BA8A221AC32C1001942B8 /* AppDelegate.swift in Sources */ = {isa = PBXBuildFile; fileRef = F24BA8A121AC32C1001942B8 /* AppDelegate.swift */; };
		F24BA8A421AC32C1001942B8 /* ViewController.swift in Sources */ = {isa = PBXBuildFile; fileRef = F24BA8A321AC32C1001942B8 /* ViewController.swift */; };
		F24BA8A721AC32C1001942B8 /* Main.storyboard in Resources */ = {isa = PBXBuildFile; fileRef = F24BA8A521AC32C1001942B8 /* Main.storyboard */; };
		F24BA8A921AC32C3001942B8 /* Assets.xcassets in Resources */ = {isa = PBXBuildFile; fileRef = F24BA8A821AC32C3001942B8 /* Assets.xcassets */; };
		F24BA8AC21AC32C3001942B8 /* LaunchScreen.storyboard in Resources */ = {isa = PBXBuildFile; fileRef = F24BA8AA21AC32C3001942B8 /* LaunchScreen.storyboard */; };
		F24BA8B721AC32C3001942B8 /* AppCeliaTests.swift in Sources */ = {isa = PBXBuildFile; fileRef = F24BA8B621AC32C3001942B8 /* AppCeliaTests.swift */; };
		F24BA8C221AC32C3001942B8 /* AppCeliaUITests.swift in Sources */ = {isa = PBXBuildFile; fileRef = F24BA8C121AC32C3001942B8 /* AppCeliaUITests.swift */; };
		F24BA8DE21AC4654001942B8 /* Walt_Disney_1946.JPG in Resources */ = {isa = PBXBuildFile; fileRef = F24BA8DD21AC4654001942B8 /* Walt_Disney_1946.JPG */; };
/* End PBXBuildFile section */

/* Begin PBXContainerItemProxy section */
		F24BA8B321AC32C3001942B8 /* PBXContainerItemProxy */ = {
			isa = PBXContainerItemProxy;
			containerPortal = F24BA89621AC32C1001942B8 /* Project object */;
			proxyType = 1;
			remoteGlobalIDString = F24BA89D21AC32C1001942B8;
			remoteInfo = AppCelia;
		};
		F24BA8BE21AC32C3001942B8 /* PBXContainerItemProxy */ = {
			isa = PBXContainerItemProxy;
			containerPortal = F24BA89621AC32C1001942B8 /* Project object */;
			proxyType = 1;
			remoteGlobalIDString = F24BA89D21AC32C1001942B8;
			remoteInfo = AppCelia;
		};
/* End PBXContainerItemProxy section */

/* Begin PBXFileReference section */
		F24BA89E21AC32C1001942B8 /* AppCelia.app */ = {isa = PBXFileReference; explicitFileType = wrapper.application; includeInIndex = 0; path = AppCelia.app; sourceTree = BUILT_PRODUCTS_DIR; };
		F24BA8A121AC32C1001942B8 /* AppDelegate.swift */ = {isa = PBXFileReference; lastKnownFileType = sourcecode.swift; path = AppDelegate.swift; sourceTree = "<group>"; };
		F24BA8A321AC32C1001942B8 /* ViewController.swift */ = {isa = PBXFileReference; lastKnownFileType = sourcecode.swift; path = ViewController.swift; sourceTree = "<group>"; };
		F24BA8A621AC32C1001942B8 /* Base */ = {isa = PBXFileReference; lastKnownFileType = file.storyboard; name = Base; path = Base.lproj/Main.storyboard; sourceTree = "<group>"; };
		F24BA8A821AC32C3001942B8 /* Assets.xcassets */ = {isa = PBXFileReference; lastKnownFileType = folder.assetcatalog; path = Assets.xcassets; sourceTree = "<group>"; };
		F24BA8AB21AC32C3001942B8 /* Base */ = {isa = PBXFileReference; lastKnownFileType = file.storyboard; name = Base; path = Base.lproj/LaunchScreen.storyboard; sourceTree = "<group>"; };
		F24BA8AD21AC32C3001942B8 /* Info.plist */ = {isa = PBXFileReference; lastKnownFileType = text.plist.xml; path = Info.plist; sourceTree = "<group>"; };
		F24BA8B221AC32C3001942B8 /* AppCeliaTests.xctest */ = {isa = PBXFileReference; explicitFileType = wrapper.cfbundle; includeInIndex = 0; path = AppCeliaTests.xctest; sourceTree = BUILT_PRODUCTS_DIR; };
		F24BA8B621AC32C3001942B8 /* AppCeliaTests.swift */ = {isa = PBXFileReference; lastKnownFileType = sourcecode.swift; path = AppCeliaTests.swift; sourceTree = "<group>"; };
		F24BA8B821AC32C3001942B8 /* Info.plist */ = {isa = PBXFileReference; lastKnownFileType = text.plist.xml; path = Info.plist; sourceTree = "<group>"; };
		F24BA8BD21AC32C3001942B8 /* AppCeliaUITests.xctest */ = {isa = PBXFileReference; explicitFileType = wrapper.cfbundle; includeInIndex = 0; path = AppCeliaUITests.xctest; sourceTree = BUILT_PRODUCTS_DIR; };
		F24BA8C121AC32C3001942B8 /* AppCeliaUITests.swift */ = {isa = PBXFileReference; lastKnownFileType = sourcecode.swift; path = AppCeliaUITests.swift; sourceTree = "<group>"; };
		F24BA8C321AC32C3001942B8 /* Info.plist */ = {isa = PBXFileReference; lastKnownFileType = text.plist.xml; path = Info.plist; sourceTree = "<group>"; };
		F24BA8DD21AC4654001942B8 /* Walt_Disney_1946.JPG */ = {isa = PBXFileReference; lastKnownFileType = image.jpeg; path = Walt_Disney_1946.JPG; sourceTree = "<group>"; };
/* End PBXFileReference section */

/* Begin PBXFrameworksBuildPhase section */
		F24BA89B21AC32C1001942B8 /* Frameworks */ = {
			isa = PBXFrameworksBuildPhase;
			buildActionMask = 2147483647;
			files = (
			);
			runOnlyForDeploymentPostprocessing = 0;
		};
		F24BA8AF21AC32C3001942B8 /* Frameworks */ = {
			isa = PBXFrameworksBuildPhase;
			buildActionMask = 2147483647;
			files = (
			);
			runOnlyForDeploymentPostprocessing = 0;
		};
		F24BA8BA21AC32C3001942B8 /* Frameworks */ = {
			isa = PBXFrameworksBuildPhase;
			buildActionMask = 2147483647;
			files = (
			);
			runOnlyForDeploymentPostprocessing = 0;
		};
/* End PBXFrameworksBuildPhase section */

/* Begin PBXGroup section */
		F24BA89521AC32C1001942B8 = {
			isa = PBXGroup;
			children = (
				F24BA8A021AC32C1001942B8 /* AppCelia */,
				F24BA8B521AC32C3001942B8 /* AppCeliaTests */,
				F24BA8C021AC32C3001942B8 /* AppCeliaUITests */,
				F24BA89F21AC32C1001942B8 /* Products */,
			);
			sourceTree = "<group>";
		};
		F24BA89F21AC32C1001942B8 /* Products */ = {
			isa = PBXGroup;
			children = (
				F24BA89E21AC32C1001942B8 /* AppCelia.app */,
				F24BA8B221AC32C3001942B8 /* AppCeliaTests.xctest */,
				F24BA8BD21AC32C3001942B8 /* AppCeliaUITests.xctest */,
			);
			name = Products;
			sourceTree = "<group>";
		};
		F24BA8A021AC32C1001942B8 /* AppCelia */ = {
			isa = PBXGroup;
			children = (
				F24BA8DD21AC4654001942B8 /* Walt_Disney_1946.JPG */,
				F24BA8A121AC32C1001942B8 /* AppDelegate.swift */,
				F24BA8A321AC32C1001942B8 /* ViewController.swift */,
				F24BA8A521AC32C1001942B8 /* Main.storyboard */,
				F24BA8A821AC32C3001942B8 /* Assets.xcassets */,
				F24BA8AA21AC32C3001942B8 /* LaunchScreen.storyboard */,
				F24BA8AD21AC32C3001942B8 /* Info.plist */,
			);
			path = AppCelia;
			sourceTree = "<group>";
		};
		F24BA8B521AC32C3001942B8 /* AppCeliaTests */ = {
			isa = PBXGroup;
			children = (
				F24BA8B621AC32C3001942B8 /* AppCeliaTests.swift */,
				F24BA8B821AC32C3001942B8 /* Info.plist */,
			);
			path = AppCeliaTests;
			sourceTree = "<group>";
		};
		F24BA8C021AC32C3001942B8 /* AppCeliaUITests */ = {
			isa = PBXGroup;
			children = (
				F24BA8C121AC32C3001942B8 /* AppCeliaUITests.swift */,
				F24BA8C321AC32C3001942B8 /* Info.plist */,
			);
			path = AppCeliaUITests;
			sourceTree = "<group>";
		};
/* End PBXGroup section */

/* Begin PBXNativeTarget section */
		F24BA89D21AC32C1001942B8 /* AppCelia */ = {
			isa = PBXNativeTarget;
			buildConfigurationList = F24BA8C621AC32C3001942B8 /* Build configuration list for PBXNativeTarget "AppCelia" */;
			buildPhases = (
				F24BA89A21AC32C1001942B8 /* Sources */,
				F24BA89B21AC32C1001942B8 /* Frameworks */,
				F24BA89C21AC32C1001942B8 /* Resources */,
			);
			buildRules = (
			);
			dependencies = (
			);
			name = AppCelia;
			productName = AppCelia;
			productReference = F24BA89E21AC32C1001942B8 /* AppCelia.app */;
			productType = "com.apple.product-type.application";
		};
		F24BA8B121AC32C3001942B8 /* AppCeliaTests */ = {
			isa = PBXNativeTarget;
			buildConfigurationList = F24BA8C921AC32C3001942B8 /* Build configuration list for PBXNativeTarget "AppCeliaTests" */;
			buildPhases = (
				F24BA8AE21AC32C3001942B8 /* Sources */,
				F24BA8AF21AC32C3001942B8 /* Frameworks */,
				F24BA8B021AC32C3001942B8 /* Resources */,
			);
			buildRules = (
			);
			dependencies = (
				F24BA8B421AC32C3001942B8 /* PBXTargetDependency */,
			);
			name = AppCeliaTests;
			productName = AppCeliaTests;
			productReference = F24BA8B221AC32C3001942B8 /* AppCeliaTests.xctest */;
			productType = "com.apple.product-type.bundle.unit-test";
		};
		F24BA8BC21AC32C3001942B8 /* AppCeliaUITests */ = {
			isa = PBXNativeTarget;
			buildConfigurationList = F24BA8CC21AC32C3001942B8 /* Build configuration list for PBXNativeTarget "AppCeliaUITests" */;
			buildPhases = (
				F24BA8B921AC32C3001942B8 /* Sources */,
				F24BA8BA21AC32C3001942B8 /* Frameworks */,
				F24BA8BB21AC32C3001942B8 /* Resources */,
			);
			buildRules = (
			);
			dependencies = (
				F24BA8BF21AC32C3001942B8 /* PBXTargetDependency */,
			);
			name = AppCeliaUITests;
			productName = AppCeliaUITests;
			productReference = F24BA8BD21AC32C3001942B8 /* AppCeliaUITests.xctest */;
			productType = "com.apple.product-type.bundle.ui-testing";
		};
/* End PBXNativeTarget section */

/* Begin PBXProject section */
		F24BA89621AC32C1001942B8 /* Project object */ = {
			isa = PBXProject;
			attributes = {
				LastSwiftUpdateCheck = 1010;
				LastUpgradeCheck = 1010;
				ORGANIZATIONNAME = Celia;
				TargetAttributes = {
					F24BA89D21AC32C1001942B8 = {
						CreatedOnToolsVersion = 10.1;
					};
					F24BA8B121AC32C3001942B8 = {
						CreatedOnToolsVersion = 10.1;
						TestTargetID = F24BA89D21AC32C1001942B8;
					};
					F24BA8BC21AC32C3001942B8 = {
						CreatedOnToolsVersion = 10.1;
						TestTargetID = F24BA89D21AC32C1001942B8;
					};
				};
			};
			buildConfigurationList = F24BA89921AC32C1001942B8 /* Build configuration list for PBXProject "AppCelia" */;
			compatibilityVersion = "Xcode 9.3";
			developmentRegion = en;
			hasScannedForEncodings = 0;
			knownRegions = (
				en,
				Base,
			);
			mainGroup = F24BA89521AC32C1001942B8;
			productRefGroup = F24BA89F21AC32C1001942B8 /* Products */;
			projectDirPath = "";
			projectRoot = "";
			targets = (
				F24BA89D21AC32C1001942B8 /* AppCelia */,
				F24BA8B121AC32C3001942B8 /* AppCeliaTests */,
				F24BA8BC21AC32C3001942B8 /* AppCeliaUITests */,
			);
		};
/* End PBXProject section */

/* Begin PBXResourcesBuildPhase section */
		F24BA89C21AC32C1001942B8 /* Resources */ = {
			isa = PBXResourcesBuildPhase;
			buildActionMask = 2147483647;
			files = (
				F24BA8AC21AC32C3001942B8 /* LaunchScreen.storyboard in Resources */,
				F24BA8DE21AC4654001942B8 /* Walt_Disney_1946.JPG in Resources */,
				F24BA8A921AC32C3001942B8 /* Assets.xcassets in Resources */,
				F24BA8A721AC32C1001942B8 /* Main.storyboard in Resources */,
			);
			runOnlyForDeploymentPostprocessing = 0;
		};
		F24BA8B021AC32C3001942B8 /* Resources */ = {
			isa = PBXResourcesBuildPhase;
			buildActionMask = 2147483647;
			files = (
			);
			runOnlyForDeploymentPostprocessing = 0;
		};
		F24BA8BB21AC32C3001942B8 /* Resources */ = {
			isa = PBXResourcesBuildPhase;
			buildActionMask = 2147483647;
			files = (
			);
			runOnlyForDeploymentPostprocessing = 0;
		};
/* End PBXResourcesBuildPhase section */

/* Begin PBXSourcesBuildPhase section */
		F24BA89A21AC32C1001942B8 /* Sources */ = {
			isa = PBXSourcesBuildPhase;
			buildActionMask = 2147483647;
			files = (
				F24BA8A421AC32C1001942B8 /* ViewController.swift in Sources */,
				F24BA8A221AC32C1001942B8 /* AppDelegate.swift in Sources */,
			);
			runOnlyForDeploymentPostprocessing = 0;
		};
		F24BA8AE21AC32C3001942B8 /* Sources */ = {
			isa = PBXSourcesBuildPhase;
			buildActionMask = 2147483647;
			files = (
				F24BA8B721AC32C3001942B8 /* AppCeliaTests.swift in Sources */,
			);
			runOnlyForDeploymentPostprocessing = 0;
		};
		F24BA8B921AC32C3001942B8 /* Sources */ = {
			isa = PBXSourcesBuildPhase;
			buildActionMask = 2147483647;
			files = (
				F24BA8C221AC32C3001942B8 /* AppCeliaUITests.swift in Sources */,
			);
			runOnlyForDeploymentPostprocessing = 0;
		};
/* End PBXSourcesBuildPhase section */

/* Begin PBXTargetDependency section */
		F24BA8B421AC32C3001942B8 /* PBXTargetDependency */ = {
			isa = PBXTargetDependency;
			target = F24BA89D21AC32C1001942B8 /* AppCelia */;
			targetProxy = F24BA8B321AC32C3001942B8 /* PBXContainerItemProxy */;
		};
		F24BA8BF21AC32C3001942B8 /* PBXTargetDependency */ = {
			isa = PBXTargetDependency;
			target = F24BA89D21AC32C1001942B8 /* AppCelia */;
			targetProxy = F24BA8BE21AC32C3001942B8 /* PBXContainerItemProxy */;
		};
/* End PBXTargetDependency section */

/* Begin PBXVariantGroup section */
		F24BA8A521AC32C1001942B8 /* Main.storyboard */ = {
			isa = PBXVariantGroup;
			children = (
				F24BA8A621AC32C1001942B8 /* Base */,
			);
			name = Main.storyboard;
			sourceTree = "<group>";
		};
		F24BA8AA21AC32C3001942B8 /* LaunchScreen.storyboard */ = {
			isa = PBXVariantGroup;
			children = (
				F24BA8AB21AC32C3001942B8 /* Base */,
			);
			name = LaunchScreen.storyboard;
			sourceTree = "<group>";
		};
/* End PBXVariantGroup section */

/* Begin XCBuildConfiguration section */
		F24BA8C421AC32C3001942B8 /* Debug */ = {
			isa = XCBuildConfiguration;
			buildSettings = {
				ALWAYS_SEARCH_USER_PATHS = NO;
				CLANG_ANALYZER_NONNULL = YES;
				CLANG_ANALYZER_NUMBER_OBJECT_CONVERSION = YES_AGGRESSIVE;
				CLANG_CXX_LANGUAGE_STANDARD = "gnu++14";
				CLANG_CXX_LIBRARY = "libc++";
				CLANG_ENABLE_MODULES = YES;
				CLANG_ENABLE_OBJC_ARC = YES;
				CLANG_ENABLE_OBJC_WEAK = YES;
				CLANG_WARN_BLOCK_CAPTURE_AUTORELEASING = YES;
				CLANG_WARN_BOOL_CONVERSION = YES;
				CLANG_WARN_COMMA = YES;
				CLANG_WARN_CONSTANT_CONVERSION = YES;
				CLANG_WARN_DEPRECATED_OBJC_IMPLEMENTATIONS = YES;
				CLANG_WARN_DIRECT_OBJC_ISA_USAGE = YES_ERROR;
				CLANG_WARN_DOCUMENTATION_COMMENTS = YES;
				CLANG_WARN_EMPTY_BODY = YES;
				CLANG_WARN_ENUM_CONVERSION = YES;
				CLANG_WARN_INFINITE_RECURSION = YES;
				CLANG_WARN_INT_CONVERSION = YES;
				CLANG_WARN_NON_LITERAL_NULL_CONVERSION = YES;
				CLANG_WARN_OBJC_IMPLICIT_RETAIN_SELF = YES;
				CLANG_WARN_OBJC_LITERAL_CONVERSION = YES;
				CLANG_WARN_OBJC_ROOT_CLASS = YES_ERROR;
				CLANG_WARN_RANGE_LOOP_ANALYSIS = YES;
				CLANG_WARN_STRICT_PROTOTYPES = YES;
				CLANG_WARN_SUSPICIOUS_MOVE = YES;
				CLANG_WARN_UNGUARDED_AVAILABILITY = YES_AGGRESSIVE;
				CLANG_WARN_UNREACHABLE_CODE = YES;
				CLANG_WARN__DUPLICATE_METHOD_MATCH = YES;
				CODE_SIGN_IDENTITY = "iPhone Developer";
				COPY_PHASE_STRIP = NO;
				DEBUG_INFORMATION_FORMAT = dwarf;
				ENABLE_STRICT_OBJC_MSGSEND = YES;
				ENABLE_TESTABILITY = YES;
				GCC_C_LANGUAGE_STANDARD = gnu11;
				GCC_DYNAMIC_NO_PIC = NO;
				GCC_NO_COMMON_BLOCKS = YES;
				GCC_OPTIMIZATION_LEVEL = 0;
				GCC_PREPROCESSOR_DEFINITIONS = (
					"DEBUG=1",
					"$(inherited)",
				);
				GCC_WARN_64_TO_32_BIT_CONVERSION = YES;
				GCC_WARN_ABOUT_RETURN_TYPE = YES_ERROR;
				GCC_WARN_UNDECLARED_SELECTOR = YES;
				GCC_WARN_UNINITIALIZED_AUTOS = YES_AGGRESSIVE;
				GCC_WARN_UNUSED_FUNCTION = YES;
				GCC_WARN_UNUSED_VARIABLE = YES;
				IPHONEOS_DEPLOYMENT_TARGET = 12.1;
				MTL_ENABLE_DEBUG_INFO = INCLUDE_SOURCE;
				MTL_FAST_MATH = YES;
				ONLY_ACTIVE_ARCH = YES;
				SDKROOT = iphoneos;
				SWIFT_ACTIVE_COMPILATION_CONDITIONS = DEBUG;
				SWIFT_OPTIMIZATION_LEVEL = "-Onone";
			};
			name = Debug;
		};
		F24BA8C521AC32C3001942B8 /* Release */ = {
			isa = XCBuildConfiguration;
			buildSettings = {
				ALWAYS_SEARCH_USER_PATHS = NO;
				CLANG_ANALYZER_NONNULL = YES;
				CLANG_ANALYZER_NUMBER_OBJECT_CONVERSION = YES_AGGRESSIVE;
				CLANG_CXX_LANGUAGE_STANDARD = "gnu++14";
				CLANG_CXX_LIBRARY = "libc++";
				CLANG_ENABLE_MODULES = YES;
				CLANG_ENABLE_OBJC_ARC = YES;
				CLANG_ENABLE_OBJC_WEAK = YES;
				CLANG_WARN_BLOCK_CAPTURE_AUTORELEASING = YES;
				CLANG_WARN_BOOL_CONVERSION = YES;
				CLANG_WARN_COMMA = YES;
				CLANG_WARN_CONSTANT_CONVERSION = YES;
				CLANG_WARN_DEPRECATED_OBJC_IMPLEMENTATIONS = YES;
				CLANG_WARN_DIRECT_OBJC_ISA_USAGE = YES_ERROR;
				CLANG_WARN_DOCUMENTATION_COMMENTS = YES;
				CLANG_WARN_EMPTY_BODY = YES;
				CLANG_WARN_ENUM_CONVERSION = YES;
				CLANG_WARN_INFINITE_RECURSION = YES;
				CLANG_WARN_INT_CONVERSION = YES;
				CLANG_WARN_NON_LITERAL_NULL_CONVERSION = YES;
				CLANG_WARN_OBJC_IMPLICIT_RETAIN_SELF = YES;
				CLANG_WARN_OBJC_LITERAL_CONVERSION = YES;
				CLANG_WARN_OBJC_ROOT_CLASS = YES_ERROR;
				CLANG_WARN_RANGE_LOOP_ANALYSIS = YES;
				CLANG_WARN_STRICT_PROTOTYPES = YES;
				CLANG_WARN_SUSPICIOUS_MOVE = YES;
				CLANG_WARN_UNGUARDED_AVAILABILITY = YES_AGGRESSIVE;
				CLANG_WARN_UNREACHABLE_CODE = YES;
				CLANG_WARN__DUPLICATE_METHOD_MATCH = YES;
				CODE_SIGN_IDENTITY = "iPhone Developer";
				COPY_PHASE_STRIP = NO;
				DEBUG_INFORMATION_FORMAT = "dwarf-with-dsym";
				ENABLE_NS_ASSERTIONS = NO;
				ENABLE_STRICT_OBJC_MSGSEND = YES;
				GCC_C_LANGUAGE_STANDARD = gnu11;
				GCC_NO_COMMON_BLOCKS = YES;
				GCC_WARN_64_TO_32_BIT_CONVERSION = YES;
				GCC_WARN_ABOUT_RETURN_TYPE = YES_ERROR;
				GCC_WARN_UNDECLARED_SELECTOR = YES;
				GCC_WARN_UNINITIALIZED_AUTOS = YES_AGGRESSIVE;
				GCC_WARN_UNUSED_FUNCTION = YES;
				GCC_WARN_UNUSED_VARIABLE = YES;
				IPHONEOS_DEPLOYMENT_TARGET = 12.1;
				MTL_ENABLE_DEBUG_INFO = NO;
				MTL_FAST_MATH = YES;
				SDKROOT = iphoneos;
				SWIFT_COMPILATION_MODE = wholemodule;
				SWIFT_OPTIMIZATION_LEVEL = "-O";
				VALIDATE_PRODUCT = YES;
			};
			name = Release;
		};
		F24BA8C721AC32C3001942B8 /* Debug */ = {
			isa = XCBuildConfiguration;
			buildSettings = {
				ASSETCATALOG_COMPILER_APPICON_NAME = AppIcon;
				CODE_SIGN_STYLE = Automatic;
				INFOPLIST_FILE = AppCelia/Info.plist;
				LD_RUNPATH_SEARCH_PATHS = (
					"$(inherited)",
					"@executable_path/Frameworks",
				);
				PRODUCT_BUNDLE_IDENTIFIER = CeliaVS.AppCelia;
				PRODUCT_NAME = "$(TARGET_NAME)";
				SWIFT_VERSION = 4.2;
				TARGETED_DEVICE_FAMILY = "1,2";
			};
			name = Debug;
		};
		F24BA8C821AC32C3001942B8 /* Release */ = {
			isa = XCBuildConfiguration;
			buildSettings = {
				ASSETCATALOG_COMPILER_APPICON_NAME = AppIcon;
				CODE_SIGN_STYLE = Automatic;
				INFOPLIST_FILE = AppCelia/Info.plist;
				LD_RUNPATH_SEARCH_PATHS = (
					"$(inherited)",
					"@executable_path/Frameworks",
				);
				PRODUCT_BUNDLE_IDENTIFIER = CeliaVS.AppCelia;
				PRODUCT_NAME = "$(TARGET_NAME)";
				SWIFT_VERSION = 4.2;
				TARGETED_DEVICE_FAMILY = "1,2";
			};
			name = Release;
		};
		F24BA8CA21AC32C3001942B8 /* Debug */ = {
			isa = XCBuildConfiguration;
			buildSettings = {
				ALWAYS_EMBED_SWIFT_STANDARD_LIBRARIES = YES;
				BUNDLE_LOADER = "$(TEST_HOST)";
				CODE_SIGN_STYLE = Automatic;
				INFOPLIST_FILE = AppCeliaTests/Info.plist;
				LD_RUNPATH_SEARCH_PATHS = (
					"$(inherited)",
					"@executable_path/Frameworks",
					"@loader_path/Frameworks",
				);
				PRODUCT_BUNDLE_IDENTIFIER = CeliaVS.AppCeliaTests;
				PRODUCT_NAME = "$(TARGET_NAME)";
				SWIFT_VERSION = 4.2;
				TARGETED_DEVICE_FAMILY = "1,2";
				TEST_HOST = "$(BUILT_PRODUCTS_DIR)/AppCelia.app/AppCelia";
			};
			name = Debug;
		};
		F24BA8CB21AC32C3001942B8 /* Release */ = {
			isa = XCBuildConfiguration;
			buildSettings = {
				ALWAYS_EMBED_SWIFT_STANDARD_LIBRARIES = YES;
				BUNDLE_LOADER = "$(TEST_HOST)";
				CODE_SIGN_STYLE = Automatic;
				INFOPLIST_FILE = AppCeliaTests/Info.plist;
				LD_RUNPATH_SEARCH_PATHS = (
					"$(inherited)",
					"@executable_path/Frameworks",
					"@loader_path/Frameworks",
				);
				PRODUCT_BUNDLE_IDENTIFIER = CeliaVS.AppCeliaTests;
				PRODUCT_NAME = "$(TARGET_NAME)";
				SWIFT_VERSION = 4.2;
				TARGETED_DEVICE_FAMILY = "1,2";
				TEST_HOST = "$(BUILT_PRODUCTS_DIR)/AppCelia.app/AppCelia";
			};
			name = Release;
		};
		F24BA8CD21AC32C3001942B8 /* Debug */ = {
			isa = XCBuildConfiguration;
			buildSettings = {
				ALWAYS_EMBED_SWIFT_STANDARD_LIBRARIES = YES;
				CODE_SIGN_STYLE = Automatic;
				INFOPLIST_FILE = AppCeliaUITests/Info.plist;
				LD_RUNPATH_SEARCH_PATHS = (
					"$(inherited)",
					"@executable_path/Frameworks",
					"@loader_path/Frameworks",
				);
				PRODUCT_BUNDLE_IDENTIFIER = CeliaVS.AppCeliaUITests;
				PRODUCT_NAME = "$(TARGET_NAME)";
				SWIFT_VERSION = 4.2;
				TARGETED_DEVICE_FAMILY = "1,2";
				TEST_TARGET_NAME = AppCelia;
			};
			name = Debug;
		};
		F24BA8CE21AC32C3001942B8 /* Release */ = {
			isa = XCBuildConfiguration;
			buildSettings = {
				ALWAYS_EMBED_SWIFT_STANDARD_LIBRARIES = YES;
				CODE_SIGN_STYLE = Automatic;
				INFOPLIST_FILE = AppCeliaUITests/Info.plist;
				LD_RUNPATH_SEARCH_PATHS = (
					"$(inherited)",
					"@executable_path/Frameworks",
					"@loader_path/Frameworks",
				);
				PRODUCT_BUNDLE_IDENTIFIER = CeliaVS.AppCeliaUITests;
				PRODUCT_NAME = "$(TARGET_NAME)";
				SWIFT_VERSION = 4.2;
				TARGETED_DEVICE_FAMILY = "1,2";
				TEST_TARGET_NAME = AppCelia;
			};
			name = Release;
		};
/* End XCBuildConfiguration section */

/* Begin XCConfigurationList section */
		F24BA89921AC32C1001942B8 /* Build configuration list for PBXProject "AppCelia" */ = {
			isa = XCConfigurationList;
			buildConfigurations = (
				F24BA8C421AC32C3001942B8 /* Debug */,
				F24BA8C521AC32C3001942B8 /* Release */,
			);
			defaultConfigurationIsVisible = 0;
			defaultConfigurationName = Release;
		};
		F24BA8C621AC32C3001942B8 /* Build configuration list for PBXNativeTarget "AppCelia" */ = {
			isa = XCConfigurationList;
			buildConfigurations = (
				F24BA8C721AC32C3001942B8 /* Debug */,
				F24BA8C821AC32C3001942B8 /* Release */,
			);
			defaultConfigurationIsVisible = 0;
			defaultConfigurationName = Release;
		};
		F24BA8C921AC32C3001942B8 /* Build configuration list for PBXNativeTarget "AppCeliaTests" */ = {
			isa = XCConfigurationList;
			buildConfigurations = (
				F24BA8CA21AC32C3001942B8 /* Debug */,
				F24BA8CB21AC32C3001942B8 /* Release */,
			);
			defaultConfigurationIsVisible = 0;
			defaultConfigurationName = Release;
		};
		F24BA8CC21AC32C3001942B8 /* Build configuration list for PBXNativeTarget "AppCeliaUITests" */ = {
			isa = XCConfigurationList;
			buildConfigurations = (
				F24BA8CD21AC32C3001942B8 /* Debug */,
				F24BA8CE21AC32C3001942B8 /* Release */,
			);
			defaultConfigurationIsVisible = 0;
			defaultConfigurationName = Release;
		};
/* End XCConfigurationList section */
	};
	rootObject = F24BA89621AC32C1001942B8 /* Project object */;
}
